
Microsoft Visual Studio Solution File, Format Version 12.00
# Visual Studio Version 17
VisualStudioVersion = 17.0.31903.59
MinimumVisualStudioVersion = 10.0.40219.1
Project("{FAE04EC0-301F-11D3-BF4B-00C04F79EFBC}") = "TiendaPOS.Presentacion", "TiendaPOS.Presentacion\TiendaPOS.Presentacion.csproj", "{86620F65-1EAD-4E20-8133-E3DF28DB7A5A}"
EndProject
Project("{FAE04EC0-301F-11D3-BF4B-00C04F79EFBC}") = "TiendaPOS.Aplicacion", "TiendaPOS.Aplicacion\TiendaPOS.Aplicacion.csproj", "{3A6076F8-A860-4EB1-8211-AB034B5489B2}"
EndProject
Project("{FAE04EC0-301F-11D3-BF4B-00C04F79EFBC}") = "TiendaPOS.Dominio", "TiendaPOS.Dominio\TiendaPOS.Dominio.csproj", "{6724951D-EC6D-4270-9358-94E67CF336C8}"
EndProject
Project("{FAE04EC0-301F-11D3-BF4B-00C04F79EFBC}") = "TiendaPOS.Infraestructura", "TiendaPOS.Infraestructura\TiendaPOS.Infraestructura.csproj", "{9C39D87C-8FA9-46CF-9428-0C900C47BF51}"
EndProject
Project("{FAE04EC0-301F-11D3-BF4B-00C04F79EFBC}") = "TiendaPOS.Tests", "TiendaPOS.Tests\TiendaPOS.Tests.csproj", "{84CC2967-59F8-46A7-B281-268E360C50D4}"
EndProject
Global
	GlobalSection(SolutionConfigurationPlatforms) = preSolution
		Debug|Any CPU = Debug|Any CPU
		Release|Any CPU = Release|Any CPU
	EndGlobalSection
	GlobalSection(SolutionProperties) = preSolution
		HideSolutionNode = FALSE
	EndGlobalSection
	GlobalSection(ProjectConfigurationPlatforms) = postSolution
		{86620F65-1EAD-4E20-8133-E3DF28DB7A5A}.Debug|Any CPU.ActiveCfg = Debug|Any CPU
		{86620F65-1EAD-4E20-8133-E3DF28DB7A5A}.Debug|Any CPU.Build.0 = Debug|Any CPU
		{86620F65-1EAD-4E20-8133-E3DF28DB7A5A}.Release|Any CPU.ActiveCfg = Release|Any CPU
		{86620F65-1EAD-4E20-8133-E3DF28DB7A5A}.Release|Any CPU.Build.0 = Release|Any CPU
		{3A6076F8-A860-4EB1-8211-AB034B5489B2}.Debug|Any CPU.ActiveCfg = Debug|Any CPU
		{3A6076F8-A860-4EB1-8211-AB034B5489B2}.Debug|Any CPU.Build.0 = Debug|Any CPU
		{3A6076F8-A860-4EB1-8211-AB034B5489B2}.Release|Any CPU.ActiveCfg = Release|Any CPU
		{3A6076F8-A860-4EB1-8211-AB034B5489B2}.Release|Any CPU.Build.0 = Release|Any CPU
		{6724951D-EC6D-4270-9358-94E67CF336C8}.Debug|Any CPU.ActiveCfg = Debug|Any CPU
		{6724951D-EC6D-4270-9358-94E67CF336C8}.Debug|Any CPU.Build.0 = Debug|Any CPU
		{6724951D-EC6D-4270-9358-94E67CF336C8}.Release|Any CPU.ActiveCfg = Release|Any CPU
		{6724951D-EC6D-4270-9358-94E67CF336C8}.Release|Any CPU.Build.0 = Release|Any CPU
		{9C39D87C-8FA9-46CF-9428-0C900C47BF51}.Debug|Any CPU.ActiveCfg = Debug|Any CPU
		{9C39D87C-8FA9-46CF-9428-0C900C47BF51}.Debug|Any CPU.Build.0 = Debug|Any CPU
		{9C39D87C-8FA9-46CF-9428-0C900C47BF51}.Release|Any CPU.ActiveCfg = Release|Any CPU
		{9C39D87C-8FA9-46CF-9428-0C900C47BF51}.Release|Any CPU.Build.0 = Release|Any CPU
		{84CC2967-59F8-46A7-B281-268E360C50D4}.Debug|Any CPU.ActiveCfg = Debug|Any CPU
		{84CC2967-59F8-46A7-B281-268E360C50D4}.Debug|Any CPU.Build.0 = Debug|Any CPU
		{84CC2967-59F8-46A7-B281-268E360C50D4}.Release|Any CPU.ActiveCfg = Release|Any CPU
		{84CC2967-59F8-46A7-B281-268E360C50D4}.Release|Any CPU.Build.0 = Release|Any CPU
	EndGlobalSection
EndGlobal
